
Microsoft Visual Studio Solution File, Format Version 12.00
# Visual Studio 15
VisualStudioVersion = 15.0.27428.2037
MinimumVisualStudioVersion = 10.0.40219.1
Project("{FAE04EC0-301F-11D3-BF4B-00C04F79EFBC}") = "CashCard", "CashCard\CashCard.csproj", "{9D9F52A0-B0BB-4755-B4BA-BC2329ABF3CA}"
EndProject
Project("{FAE04EC0-301F-11D3-BF4B-00C04F79EFBC}") = "CashCardTests", "CashCardTests\CashCardTests.csproj", "{F95C84E1-C1B4-4B58-A208-0825F0FE65A7}"
EndProject
Global
	GlobalSection(SolutionConfigurationPlatforms) = preSolution
		Debug|Any CPU = Debug|Any CPU
		Release|Any CPU = Release|Any CPU
	EndGlobalSection
	GlobalSection(ProjectConfigurationPlatforms) = postSolution
		{9D9F52A0-B0BB-4755-B4BA-BC2329ABF3CA}.Debug|Any CPU.ActiveCfg = Debug|Any CPU
		{9D9F52A0-B0BB-4755-B4BA-BC2329ABF3CA}.Debug|Any CPU.Build.0 = Debug|Any CPU
		{9D9F52A0-B0BB-4755-B4BA-BC2329ABF3CA}.Release|Any CPU.ActiveCfg = Release|Any CPU
		{9D9F52A0-B0BB-4755-B4BA-BC2329ABF3CA}.Release|Any CPU.Build.0 = Release|Any CPU
		{F95C84E1-C1B4-4B58-A208-0825F0FE65A7}.Debug|Any CPU.ActiveCfg = Debug|Any CPU
		{F95C84E1-C1B4-4B58-A208-0825F0FE65A7}.Debug|Any CPU.Build.0 = Debug|Any CPU
		{F95C84E1-C1B4-4B58-A208-0825F0FE65A7}.Release|Any CPU.ActiveCfg = Release|Any CPU
		{F95C84E1-C1B4-4B58-A208-0825F0FE65A7}.Release|Any CPU.Build.0 = Release|Any CPU
	EndGlobalSection
	GlobalSection(SolutionProperties) = preSolution
		HideSolutionNode = FALSE
	EndGlobalSection
	GlobalSection(ExtensibilityGlobals) = postSolution
		SolutionGuid = {241ED6D3-D5BE-4B02-B715-3D5081FBA7AA}
	EndGlobalSection
EndGlobal
